# generated by rye
# use `rye lock` or `rye sync` to update this lockfile
#
# last locked with the following flags:
#   pre: false
#   features: []
#   all-features: false
#   with-sources: false

-e file:.
gensim==4.3.2
    # via quizscatterer
mecab-python3==1.0.9
    # via quizscatterer
numpy==2.0.0
    # via gensim
    # via pandas
    # via quizscatterer
    # via scipy
pandas==2.2.2
    # via quizscatterer
python-dateutil==2.9.0.post0
    # via pandas
    # via quizscatterer
pytz==2024.1
    # via pandas
    # via quizscatterer
ruff==0.5.1
scipy==1.14.0
    # via gensim
    # via quizscatterer
setuptools==70.3.0
    # via quizscatterer
six==1.16.0
    # via python-dateutil
    # via quizscatterer
smart-open==7.0.4
    # via gensim
    # via quizscatterer
tzdata==2024.1
    # via pandas
wrapt==1.16.0
    # via smart-open
